{
  "name": "lighthouse-plugin-sample-project",
  "version": "1.0.0",
  "lockfileVersion": 1,
  "requires": true,
  "dependencies": {
    "lighthouse-plugin-social-sharing": {
      "version": "0.0.1",
      "resolved": "https://registry.npmjs.org/lighthouse-plugin-social-sharing/-/lighthouse-plugin-social-sharing-0.0.1.tgz",
      "integrity": "sha512-84MbgMO47R1UYbgsyOvGUpsZL4fiOx66CW1go1ZC1HmtNQJ1KoQe9TC6yowMW22TLRSo9hDsIpyVUTvEg2DX2A==",
      "dev": true,
      "requires": {
        "lighthouse-plugin-social-sharing": "^0.0.1"
      }
    }
  }
}
